// !$*UTF8*$!
{
	archiveVersion = 1;
	classes = {
	};
	objectVersion = 55;
	objects = {

/* Begin PBXBuildFile section */
		113E0595276643A80065D73D /* DBLayer.swift in Sources */ = {isa = PBXBuildFile; fileRef = 113E0594276643A80065D73D /* DBLayer.swift */; };
		11AEB97527640D0D00EC9200 /* SharedMedia.swift in Sources */ = {isa = PBXBuildFile; fileRef = 11AEB97427640D0D00EC9200 /* SharedMedia.swift */; };
		11AEB9782764F77E00EC9200 /* APIHelper.swift in Sources */ = {isa = PBXBuildFile; fileRef = 11AEB9772764F77E00EC9200 /* APIHelper.swift */; };
		11AEB97A2764F7B300EC9200 /* RequestUrls.swift in Sources */ = {isa = PBXBuildFile; fileRef = 11AEB9792764F7B300EC9200 /* RequestUrls.swift */; };
		11AEB97C2764FB3200EC9200 /* BaseUrl.swift in Sources */ = {isa = PBXBuildFile; fileRef = 11AEB97B2764FB3200EC9200 /* BaseUrl.swift */; };
		11AEB98027650EC800EC9200 /* ThumbnailResizer.swift in Sources */ = {isa = PBXBuildFile; fileRef = 11AEB97E27650C5600EC9200 /* ThumbnailResizer.swift */; };
		11AEB98327651FC000EC9200 /* Utilities.swift in Sources */ = {isa = PBXBuildFile; fileRef = 11AEB98227651FC000EC9200 /* Utilities.swift */; };
		11B2169A27639D510063665A /* AppDelegate.swift in Sources */ = {isa = PBXBuildFile; fileRef = 11B2169927639D510063665A /* AppDelegate.swift */; };
		11B2169C27639D510063665A /* SceneDelegate.swift in Sources */ = {isa = PBXBuildFile; fileRef = 11B2169B27639D510063665A /* SceneDelegate.swift */; };
		11B216A327639D520063665A /* Assets.xcassets in Resources */ = {isa = PBXBuildFile; fileRef = 11B216A227639D520063665A /* Assets.xcassets */; };
		11B216A627639D520063665A /* LaunchScreen.storyboard in Resources */ = {isa = PBXBuildFile; fileRef = 11B216A427639D520063665A /* LaunchScreen.storyboard */; };
		11B216D127639EFC0063665A /* MainPresenter.swift in Sources */ = {isa = PBXBuildFile; fileRef = 11B216CB27639EFC0063665A /* MainPresenter.swift */; };
		11B216D227639EFC0063665A /* MainWorker.swift in Sources */ = {isa = PBXBuildFile; fileRef = 11B216CC27639EFC0063665A /* MainWorker.swift */; };
		11B216D327639EFC0063665A /* MainRouter.swift in Sources */ = {isa = PBXBuildFile; fileRef = 11B216CD27639EFC0063665A /* MainRouter.swift */; };
		11B216D427639EFC0063665A /* MainModels.swift in Sources */ = {isa = PBXBuildFile; fileRef = 11B216CE27639EFC0063665A /* MainModels.swift */; };
		11B216D527639EFC0063665A /* MainViewController.swift in Sources */ = {isa = PBXBuildFile; fileRef = 11B216CF27639EFC0063665A /* MainViewController.swift */; };
		11B216D627639EFC0063665A /* MainInteractor.swift in Sources */ = {isa = PBXBuildFile; fileRef = 11B216D027639EFC0063665A /* MainInteractor.swift */; };
		11B216D827639F420063665A /* Main.storyboard in Resources */ = {isa = PBXBuildFile; fileRef = 11B216D727639F420063665A /* Main.storyboard */; };
		11B216DB2763E1220063665A /* ImageCell.swift in Sources */ = {isa = PBXBuildFile; fileRef = 11B216DA2763E1220063665A /* ImageCell.swift */; };
		11B216E32763E33E0063665A /* FullScreenImagePresenter.swift in Sources */ = {isa = PBXBuildFile; fileRef = 11B216DD2763E33E0063665A /* FullScreenImagePresenter.swift */; };
		11B216E42763E33E0063665A /* FullScreenImageWorker.swift in Sources */ = {isa = PBXBuildFile; fileRef = 11B216DE2763E33E0063665A /* FullScreenImageWorker.swift */; };
		11B216E52763E33E0063665A /* FullScreenImageRouter.swift in Sources */ = {isa = PBXBuildFile; fileRef = 11B216DF2763E33E0063665A /* FullScreenImageRouter.swift */; };
		11B216E62763E33E0063665A /* FullScreenImageModels.swift in Sources */ = {isa = PBXBuildFile; fileRef = 11B216E02763E33E0063665A /* FullScreenImageModels.swift */; };
		11B216E72763E33E0063665A /* FullScreenImageViewController.swift in Sources */ = {isa = PBXBuildFile; fileRef = 11B216E12763E33E0063665A /* FullScreenImageViewController.swift */; };
		11B216E82763E33E0063665A /* FullScreenImageInteractor.swift in Sources */ = {isa = PBXBuildFile; fileRef = 11B216E22763E33E0063665A /* FullScreenImageInteractor.swift */; };
		11B216EA2763E3620063665A /* FullScreenImage.storyboard in Resources */ = {isa = PBXBuildFile; fileRef = 11B216E92763E3620063665A /* FullScreenImage.storyboard */; };
		11F41CA82766A2EE0005076E /* NetworkTest.swift in Sources */ = {isa = PBXBuildFile; fileRef = 11F41CA72766A2EE0005076E /* NetworkTest.swift */; };
		11F41CAA2766A3590005076E /* DatabaseTests.swift in Sources */ = {isa = PBXBuildFile; fileRef = 11F41CA92766A3590005076E /* DatabaseTests.swift */; };
		11F41CAC2766A5D40005076E /* ThumbnailResizerTests.swift in Sources */ = {isa = PBXBuildFile; fileRef = 11F41CAB2766A5D40005076E /* ThumbnailResizerTests.swift */; };
		11F41CAE2766A6CD0005076E /* UtilitiesTests.swift in Sources */ = {isa = PBXBuildFile; fileRef = 11F41CAD2766A6CD0005076E /* UtilitiesTests.swift */; };
		11F41CB02766A8830005076E /* URLsTests.swift in Sources */ = {isa = PBXBuildFile; fileRef = 11F41CAF2766A8830005076E /* URLsTests.swift */; };
		DA6F8B4A71427FDFFC3D68D1 /* Pods_Kiliaro.framework in Frameworks */ = {isa = PBXBuildFile; fileRef = 9499D7F8B6AC76D614F672A5 /* Pods_Kiliaro.framework */; };
/* End PBXBuildFile section */

/* Begin PBXContainerItemProxy section */
		11B216AD27639D520063665A /* PBXContainerItemProxy */ = {
			isa = PBXContainerItemProxy;
			containerPortal = 11B2168E27639D510063665A /* Project object */;
			proxyType = 1;
			remoteGlobalIDString = 11B2169527639D510063665A;
			remoteInfo = Kiliaro;
		};
/* End PBXContainerItemProxy section */

/* Begin PBXFileReference section */
		113E0594276643A80065D73D /* DBLayer.swift */ = {isa = PBXFileReference; lastKnownFileType = sourcecode.swift; path = DBLayer.swift; sourceTree = "<group>"; };
		11AEB97427640D0D00EC9200 /* SharedMedia.swift */ = {isa = PBXFileReference; lastKnownFileType = sourcecode.swift; path = SharedMedia.swift; sourceTree = "<group>"; };
		11AEB9772764F77E00EC9200 /* APIHelper.swift */ = {isa = PBXFileReference; lastKnownFileType = sourcecode.swift; path = APIHelper.swift; sourceTree = "<group>"; };
		11AEB9792764F7B300EC9200 /* RequestUrls.swift */ = {isa = PBXFileReference; lastKnownFileType = sourcecode.swift; path = RequestUrls.swift; sourceTree = "<group>"; };
		11AEB97B2764FB3200EC9200 /* BaseUrl.swift */ = {isa = PBXFileReference; lastKnownFileType = sourcecode.swift; path = BaseUrl.swift; sourceTree = "<group>"; };
		11AEB97E27650C5600EC9200 /* ThumbnailResizer.swift */ = {isa = PBXFileReference; lastKnownFileType = sourcecode.swift; path = ThumbnailResizer.swift; sourceTree = "<group>"; };
		11AEB98227651FC000EC9200 /* Utilities.swift */ = {isa = PBXFileReference; lastKnownFileType = sourcecode.swift; path = Utilities.swift; sourceTree = "<group>"; };
		11B2169627639D510063665A /* Kiliaro.app */ = {isa = PBXFileReference; explicitFileType = wrapper.application; includeInIndex = 0; path = Kiliaro.app; sourceTree = BUILT_PRODUCTS_DIR; };
		11B2169927639D510063665A /* AppDelegate.swift */ = {isa = PBXFileReference; lastKnownFileType = sourcecode.swift; path = AppDelegate.swift; sourceTree = "<group>"; };
		11B2169B27639D510063665A /* SceneDelegate.swift */ = {isa = PBXFileReference; lastKnownFileType = sourcecode.swift; path = SceneDelegate.swift; sourceTree = "<group>"; };
		11B216A227639D520063665A /* Assets.xcassets */ = {isa = PBXFileReference; lastKnownFileType = folder.assetcatalog; path = Assets.xcassets; sourceTree = "<group>"; };
		11B216A527639D520063665A /* Base */ = {isa = PBXFileReference; lastKnownFileType = file.storyboard; name = Base; path = Base.lproj/LaunchScreen.storyboard; sourceTree = "<group>"; };
		11B216A727639D520063665A /* Info.plist */ = {isa = PBXFileReference; lastKnownFileType = text.plist.xml; path = Info.plist; sourceTree = "<group>"; };
		11B216AC27639D520063665A /* KiliaroTests.xctest */ = {isa = PBXFileReference; explicitFileType = wrapper.cfbundle; includeInIndex = 0; path = KiliaroTests.xctest; sourceTree = BUILT_PRODUCTS_DIR; };
		11B216CB27639EFC0063665A /* MainPresenter.swift */ = {isa = PBXFileReference; lastKnownFileType = sourcecode.swift; path = MainPresenter.swift; sourceTree = "<group>"; };
		11B216CC27639EFC0063665A /* MainWorker.swift */ = {isa = PBXFileReference; lastKnownFileType = sourcecode.swift; path = MainWorker.swift; sourceTree = "<group>"; };
		11B216CD27639EFC0063665A /* MainRouter.swift */ = {isa = PBXFileReference; lastKnownFileType = sourcecode.swift; path = MainRouter.swift; sourceTree = "<group>"; };
		11B216CE27639EFC0063665A /* MainModels.swift */ = {isa = PBXFileReference; lastKnownFileType = sourcecode.swift; path = MainModels.swift; sourceTree = "<group>"; };
		11B216CF27639EFC0063665A /* MainViewController.swift */ = {isa = PBXFileReference; lastKnownFileType = sourcecode.swift; path = MainViewController.swift; sourceTree = "<group>"; };
		11B216D027639EFC0063665A /* MainInteractor.swift */ = {isa = PBXFileReference; lastKnownFileType = sourcecode.swift; path = MainInteractor.swift; sourceTree = "<group>"; };
		11B216D727639F420063665A /* Main.storyboard */ = {isa = PBXFileReference; lastKnownFileType = file.storyboard; path = Main.storyboard; sourceTree = "<group>"; };
		11B216DA2763E1220063665A /* ImageCell.swift */ = {isa = PBXFileReference; lastKnownFileType = sourcecode.swift; path = ImageCell.swift; sourceTree = "<group>"; };
		11B216DD2763E33E0063665A /* FullScreenImagePresenter.swift */ = {isa = PBXFileReference; lastKnownFileType = sourcecode.swift; path = FullScreenImagePresenter.swift; sourceTree = "<group>"; };
		11B216DE2763E33E0063665A /* FullScreenImageWorker.swift */ = {isa = PBXFileReference; lastKnownFileType = sourcecode.swift; path = FullScreenImageWorker.swift; sourceTree = "<group>"; };
		11B216DF2763E33E0063665A /* FullScreenImageRouter.swift */ = {isa = PBXFileReference; lastKnownFileType = sourcecode.swift; path = FullScreenImageRouter.swift; sourceTree = "<group>"; };
		11B216E02763E33E0063665A /* FullScreenImageModels.swift */ = {isa = PBXFileReference; lastKnownFileType = sourcecode.swift; path = FullScreenImageModels.swift; sourceTree = "<group>"; };
		11B216E12763E33E0063665A /* FullScreenImageViewController.swift */ = {isa = PBXFileReference; lastKnownFileType = sourcecode.swift; path = FullScreenImageViewController.swift; sourceTree = "<group>"; };
		11B216E22763E33E0063665A /* FullScreenImageInteractor.swift */ = {isa = PBXFileReference; lastKnownFileType = sourcecode.swift; path = FullScreenImageInteractor.swift; sourceTree = "<group>"; };
		11B216E92763E3620063665A /* FullScreenImage.storyboard */ = {isa = PBXFileReference; lastKnownFileType = file.storyboard; path = FullScreenImage.storyboard; sourceTree = "<group>"; };
		11F41CA72766A2EE0005076E /* NetworkTest.swift */ = {isa = PBXFileReference; lastKnownFileType = sourcecode.swift; path = NetworkTest.swift; sourceTree = "<group>"; };
		11F41CA92766A3590005076E /* DatabaseTests.swift */ = {isa = PBXFileReference; lastKnownFileType = sourcecode.swift; path = DatabaseTests.swift; sourceTree = "<group>"; };
		11F41CAB2766A5D40005076E /* ThumbnailResizerTests.swift */ = {isa = PBXFileReference; lastKnownFileType = sourcecode.swift; path = ThumbnailResizerTests.swift; sourceTree = "<group>"; };
		11F41CAD2766A6CD0005076E /* UtilitiesTests.swift */ = {isa = PBXFileReference; lastKnownFileType = sourcecode.swift; path = UtilitiesTests.swift; sourceTree = "<group>"; };
		11F41CAF2766A8830005076E /* URLsTests.swift */ = {isa = PBXFileReference; lastKnownFileType = sourcecode.swift; path = URLsTests.swift; sourceTree = "<group>"; };
		3CDACBABCCB6FA85496E965E /* Pods-Kiliaro-KiliaroUITests.release.xcconfig */ = {isa = PBXFileReference; includeInIndex = 1; lastKnownFileType = text.xcconfig; name = "Pods-Kiliaro-KiliaroUITests.release.xcconfig"; path = "Target Support Files/Pods-Kiliaro-KiliaroUITests/Pods-Kiliaro-KiliaroUITests.release.xcconfig"; sourceTree = "<group>"; };
		5276801521F3DD872C801179 /* Pods-Kiliaro.debug.xcconfig */ = {isa = PBXFileReference; includeInIndex = 1; lastKnownFileType = text.xcconfig; name = "Pods-Kiliaro.debug.xcconfig"; path = "Target Support Files/Pods-Kiliaro/Pods-Kiliaro.debug.xcconfig"; sourceTree = "<group>"; };
		6720BBBEE81AD8E2B6A85AD2 /* Pods-Kiliaro-KiliaroUITests.debug.xcconfig */ = {isa = PBXFileReference; includeInIndex = 1; lastKnownFileType = text.xcconfig; name = "Pods-Kiliaro-KiliaroUITests.debug.xcconfig"; path = "Target Support Files/Pods-Kiliaro-KiliaroUITests/Pods-Kiliaro-KiliaroUITests.debug.xcconfig"; sourceTree = "<group>"; };
		737E9B5CE150D130C855F235 /* Pods-Kiliaro.release.xcconfig */ = {isa = PBXFileReference; includeInIndex = 1; lastKnownFileType = text.xcconfig; name = "Pods-Kiliaro.release.xcconfig"; path = "Target Support Files/Pods-Kiliaro/Pods-Kiliaro.release.xcconfig"; sourceTree = "<group>"; };
		9499D7F8B6AC76D614F672A5 /* Pods_Kiliaro.framework */ = {isa = PBXFileReference; explicitFileType = wrapper.framework; includeInIndex = 0; path = Pods_Kiliaro.framework; sourceTree = BUILT_PRODUCTS_DIR; };
		F8BD272A4608824522BA93F6 /* Pods_Kiliaro_KiliaroUITests.framework */ = {isa = PBXFileReference; explicitFileType = wrapper.framework; includeInIndex = 0; path = Pods_Kiliaro_KiliaroUITests.framework; sourceTree = BUILT_PRODUCTS_DIR; };
/* End PBXFileReference section */

/* Begin PBXFrameworksBuildPhase section */
		11B2169327639D510063665A /* Frameworks */ = {
			isa = PBXFrameworksBuildPhase;
			buildActionMask = 2147483647;
			files = (
				DA6F8B4A71427FDFFC3D68D1 /* Pods_Kiliaro.framework in Frameworks */,
			);
			runOnlyForDeploymentPostprocessing = 0;
		};
		11B216A927639D520063665A /* Frameworks */ = {
			isa = PBXFrameworksBuildPhase;
			buildActionMask = 2147483647;
			files = (
			);
			runOnlyForDeploymentPostprocessing = 0;
		};
/* End PBXFrameworksBuildPhase section */

/* Begin PBXGroup section */
		113E0593276643940065D73D /* Database */ = {
			isa = PBXGroup;
			children = (
				113E0594276643A80065D73D /* DBLayer.swift */,
			);
			path = Database;
			sourceTree = "<group>";
		};
		11AEB97327640CEC00EC9200 /* Models */ = {
			isa = PBXGroup;
			children = (
				11AEB97427640D0D00EC9200 /* SharedMedia.swift */,
			);
			path = Models;
			sourceTree = "<group>";
		};
		11AEB9762764F6D900EC9200 /* Network */ = {
			isa = PBXGroup;
			children = (
				11AEB9772764F77E00EC9200 /* APIHelper.swift */,
				11AEB9792764F7B300EC9200 /* RequestUrls.swift */,
				11AEB97B2764FB3200EC9200 /* BaseUrl.swift */,
			);
			path = Network;
			sourceTree = "<group>";
		};
		11AEB97D2765048D00EC9200 /* ProjectFiles */ = {
			isa = PBXGroup;
			children = (
				11B2169927639D510063665A /* AppDelegate.swift */,
				11B2169B27639D510063665A /* SceneDelegate.swift */,
				11B216A227639D520063665A /* Assets.xcassets */,
				11B216A427639D520063665A /* LaunchScreen.storyboard */,
			);
			path = ProjectFiles;
			sourceTree = "<group>";
		};
		11AEB98127651FB100EC9200 /* Helper */ = {
			isa = PBXGroup;
			children = (
				11AEB97E27650C5600EC9200 /* ThumbnailResizer.swift */,
				11AEB98227651FC000EC9200 /* Utilities.swift */,
			);
			path = Helper;
			sourceTree = "<group>";
		};
		11B2168D27639D510063665A = {
			isa = PBXGroup;
			children = (
				11B2169827639D510063665A /* Kiliaro */,
				11B216AF27639D520063665A /* KiliaroTests */,
				11B2169727639D510063665A /* Products */,
				678D18B2A80A21A6CC50B2FC /* Pods */,
				D1339D7D81DC7030AA6B8070 /* Frameworks */,
			);
			sourceTree = "<group>";
		};
		11B2169727639D510063665A /* Products */ = {
			isa = PBXGroup;
			children = (
				11B2169627639D510063665A /* Kiliaro.app */,
				11B216AC27639D520063665A /* KiliaroTests.xctest */,
			);
			name = Products;
			sourceTree = "<group>";
		};
		11B2169827639D510063665A /* Kiliaro */ = {
			isa = PBXGroup;
			children = (
				113E0593276643940065D73D /* Database */,
				11AEB98127651FB100EC9200 /* Helper */,
				11AEB9762764F6D900EC9200 /* Network */,
				11AEB97327640CEC00EC9200 /* Models */,
				11B216C927639EA70063665A /* Scenes */,
				11AEB97D2765048D00EC9200 /* ProjectFiles */,
				11B216A727639D520063665A /* Info.plist */,
			);
			path = Kiliaro;
			sourceTree = "<group>";
		};
		11B216AF27639D520063665A /* KiliaroTests */ = {
			isa = PBXGroup;
			children = (
				11F41CA72766A2EE0005076E /* NetworkTest.swift */,
				11F41CA92766A3590005076E /* DatabaseTests.swift */,
				11F41CAB2766A5D40005076E /* ThumbnailResizerTests.swift */,
				11F41CAD2766A6CD0005076E /* UtilitiesTests.swift */,
				11F41CAF2766A8830005076E /* URLsTests.swift */,
			);
			path = KiliaroTests;
			sourceTree = "<group>";
		};
		11B216C927639EA70063665A /* Scenes */ = {
			isa = PBXGroup;
			children = (
				11B216DC2763E3190063665A /* FullScreenImage */,
				11B216CA27639EDC0063665A /* Main */,
			);
			path = Scenes;
			sourceTree = "<group>";
		};
		11B216CA27639EDC0063665A /* Main */ = {
			isa = PBXGroup;
			children = (
				11B216D92763E1080063665A /* Cell */,
				11B216CB27639EFC0063665A /* MainPresenter.swift */,
				11B216CC27639EFC0063665A /* MainWorker.swift */,
				11B216CD27639EFC0063665A /* MainRouter.swift */,
				11B216CE27639EFC0063665A /* MainModels.swift */,
				11B216CF27639EFC0063665A /* MainViewController.swift */,
				11B216D027639EFC0063665A /* MainInteractor.swift */,
				11B216D727639F420063665A /* Main.storyboard */,
			);
			path = Main;
			sourceTree = "<group>";
		};
		11B216D92763E1080063665A /* Cell */ = {
			isa = PBXGroup;
			children = (
				11B216DA2763E1220063665A /* ImageCell.swift */,
			);
			path = Cell;
			sourceTree = "<group>";
		};
		11B216DC2763E3190063665A /* FullScreenImage */ = {
			isa = PBXGroup;
			children = (
				11B216DD2763E33E0063665A /* FullScreenImagePresenter.swift */,
				11B216DE2763E33E0063665A /* FullScreenImageWorker.swift */,
				11B216DF2763E33E0063665A /* FullScreenImageRouter.swift */,
				11B216E02763E33E0063665A /* FullScreenImageModels.swift */,
				11B216E12763E33E0063665A /* FullScreenImageViewController.swift */,
				11B216E22763E33E0063665A /* FullScreenImageInteractor.swift */,
				11B216E92763E3620063665A /* FullScreenImage.storyboard */,
			);
			path = FullScreenImage;
			sourceTree = "<group>";
		};
		678D18B2A80A21A6CC50B2FC /* Pods */ = {
			isa = PBXGroup;
			children = (
				5276801521F3DD872C801179 /* Pods-Kiliaro.debug.xcconfig */,
				737E9B5CE150D130C855F235 /* Pods-Kiliaro.release.xcconfig */,
				6720BBBEE81AD8E2B6A85AD2 /* Pods-Kiliaro-KiliaroUITests.debug.xcconfig */,
				3CDACBABCCB6FA85496E965E /* Pods-Kiliaro-KiliaroUITests.release.xcconfig */,
			);
			path = Pods;
			sourceTree = "<group>";
		};
		D1339D7D81DC7030AA6B8070 /* Frameworks */ = {
			isa = PBXGroup;
			children = (
				9499D7F8B6AC76D614F672A5 /* Pods_Kiliaro.framework */,
				F8BD272A4608824522BA93F6 /* Pods_Kiliaro_KiliaroUITests.framework */,
			);
			name = Frameworks;
			sourceTree = "<group>";
		};
/* End PBXGroup section */

/* Begin PBXNativeTarget section */
		11B2169527639D510063665A /* Kiliaro */ = {
			isa = PBXNativeTarget;
			buildConfigurationList = 11B216C027639D520063665A /* Build configuration list for PBXNativeTarget "Kiliaro" */;
			buildPhases = (
				B483BDF9E8358D547E31F7A8 /* [CP] Check Pods Manifest.lock */,
				11B2169227639D510063665A /* Sources */,
				11B2169327639D510063665A /* Frameworks */,
				11B2169427639D510063665A /* Resources */,
				95BAD68EBEF2C7D94A055D1E /* [CP] Embed Pods Frameworks */,
			);
			buildRules = (
			);
			dependencies = (
			);
			name = Kiliaro;
			productName = Kiliaro;
			productReference = 11B2169627639D510063665A /* Kiliaro.app */;
			productType = "com.apple.product-type.application";
		};
		11B216AB27639D520063665A /* KiliaroTests */ = {
			isa = PBXNativeTarget;
			buildConfigurationList = 11B216C327639D520063665A /* Build configuration list for PBXNativeTarget "KiliaroTests" */;
			buildPhases = (
				11B216A827639D520063665A /* Sources */,
				11B216A927639D520063665A /* Frameworks */,
				11B216AA27639D520063665A /* Resources */,
			);
			buildRules = (
			);
			dependencies = (
				11B216AE27639D520063665A /* PBXTargetDependency */,
			);
			name = KiliaroTests;
			productName = KiliaroTests;
			productReference = 11B216AC27639D520063665A /* KiliaroTests.xctest */;
			productType = "com.apple.product-type.bundle.unit-test";
		};
/* End PBXNativeTarget section */

/* Begin PBXProject section */
		11B2168E27639D510063665A /* Project object */ = {
			isa = PBXProject;
			attributes = {
				BuildIndependentTargetsInParallel = 1;
				LastSwiftUpdateCheck = 1310;
				LastUpgradeCheck = 1310;
				TargetAttributes = {
					11B2169527639D510063665A = {
						CreatedOnToolsVersion = 13.1;
					};
					11B216AB27639D520063665A = {
						CreatedOnToolsVersion = 13.1;
						TestTargetID = 11B2169527639D510063665A;
					};
				};
			};
			buildConfigurationList = 11B2169127639D510063665A /* Build configuration list for PBXProject "Kiliaro" */;
			compatibilityVersion = "Xcode 13.0";
			developmentRegion = en;
			hasScannedForEncodings = 0;
			knownRegions = (
				en,
				Base,
			);
			mainGroup = 11B2168D27639D510063665A;
			productRefGroup = 11B2169727639D510063665A /* Products */;
			projectDirPath = "";
			projectRoot = "";
			targets = (
				11B2169527639D510063665A /* Kiliaro */,
				11B216AB27639D520063665A /* KiliaroTests */,
			);
		};
/* End PBXProject section */

/* Begin PBXResourcesBuildPhase section */
		11B2169427639D510063665A /* Resources */ = {
			isa = PBXResourcesBuildPhase;
			buildActionMask = 2147483647;
			files = (
				11B216D827639F420063665A /* Main.storyboard in Resources */,
				11B216A627639D520063665A /* LaunchScreen.storyboard in Resources */,
				11B216A327639D520063665A /* Assets.xcassets in Resources */,
				11B216EA2763E3620063665A /* FullScreenImage.storyboard in Resources */,
			);
			runOnlyForDeploymentPostprocessing = 0;
		};
		11B216AA27639D520063665A /* Resources */ = {
			isa = PBXResourcesBuildPhase;
			buildActionMask = 2147483647;
			files = (
			);
			runOnlyForDeploymentPostprocessing = 0;
		};
/* End PBXResourcesBuildPhase section */

/* Begin PBXShellScriptBuildPhase section */
		95BAD68EBEF2C7D94A055D1E /* [CP] Embed Pods Frameworks */ = {
			isa = PBXShellScriptBuildPhase;
			buildActionMask = 2147483647;
			files = (
			);
			inputFileListPaths = (
				"${PODS_ROOT}/Target Support Files/Pods-Kiliaro/Pods-Kiliaro-frameworks-${CONFIGURATION}-input-files.xcfilelist",
			);
			name = "[CP] Embed Pods Frameworks";
			outputFileListPaths = (
				"${PODS_ROOT}/Target Support Files/Pods-Kiliaro/Pods-Kiliaro-frameworks-${CONFIGURATION}-output-files.xcfilelist",
			);
			runOnlyForDeploymentPostprocessing = 0;
			shellPath = /bin/sh;
			shellScript = "\"${PODS_ROOT}/Target Support Files/Pods-Kiliaro/Pods-Kiliaro-frameworks.sh\"\n";
			showEnvVarsInLog = 0;
		};
		B483BDF9E8358D547E31F7A8 /* [CP] Check Pods Manifest.lock */ = {
			isa = PBXShellScriptBuildPhase;
			buildActionMask = 2147483647;
			files = (
			);
			inputFileListPaths = (
			);
			inputPaths = (
				"${PODS_PODFILE_DIR_PATH}/Podfile.lock",
				"${PODS_ROOT}/Manifest.lock",
			);
			name = "[CP] Check Pods Manifest.lock";
			outputFileListPaths = (
			);
			outputPaths = (
				"$(DERIVED_FILE_DIR)/Pods-Kiliaro-checkManifestLockResult.txt",
			);
			runOnlyForDeploymentPostprocessing = 0;
			shellPath = /bin/sh;
			shellScript = "diff \"${PODS_PODFILE_DIR_PATH}/Podfile.lock\" \"${PODS_ROOT}/Manifest.lock\" > /dev/null\nif [ $? != 0 ] ; then\n    # print error to STDERR\n    echo \"error: The sandbox is not in sync with the Podfile.lock. Run 'pod install' or update your CocoaPods installation.\" >&2\n    exit 1\nfi\n# This output is used by Xcode 'outputs' to avoid re-running this script phase.\necho \"SUCCESS\" > \"${SCRIPT_OUTPUT_FILE_0}\"\n";
			showEnvVarsInLog = 0;
		};
/* End PBXShellScriptBuildPhase section */

/* Begin PBXSourcesBuildPhase section */
		11B2169227639D510063665A /* Sources */ = {
			isa = PBXSourcesBuildPhase;
			buildActionMask = 2147483647;
			files = (
				11B216D527639EFC0063665A /* MainViewController.swift in Sources */,
				11B216E32763E33E0063665A /* FullScreenImagePresenter.swift in Sources */,
				11B216D327639EFC0063665A /* MainRouter.swift in Sources */,
				11AEB97527640D0D00EC9200 /* SharedMedia.swift in Sources */,
				11B216E42763E33E0063665A /* FullScreenImageWorker.swift in Sources */,
				11AEB97C2764FB3200EC9200 /* BaseUrl.swift in Sources */,
				11B216DB2763E1220063665A /* ImageCell.swift in Sources */,
				11B2169A27639D510063665A /* AppDelegate.swift in Sources */,
				11B216D427639EFC0063665A /* MainModels.swift in Sources */,
				11AEB98327651FC000EC9200 /* Utilities.swift in Sources */,
				11AEB9782764F77E00EC9200 /* APIHelper.swift in Sources */,
				11AEB97A2764F7B300EC9200 /* RequestUrls.swift in Sources */,
				11B216D127639EFC0063665A /* MainPresenter.swift in Sources */,
				11B216D227639EFC0063665A /* MainWorker.swift in Sources */,
				11AEB98027650EC800EC9200 /* ThumbnailResizer.swift in Sources */,
				11B216E62763E33E0063665A /* FullScreenImageModels.swift in Sources */,
				11B216E82763E33E0063665A /* FullScreenImageInteractor.swift in Sources */,
				11B216E52763E33E0063665A /* FullScreenImageRouter.swift in Sources */,
				11B216E72763E33E0063665A /* FullScreenImageViewController.swift in Sources */,
				113E0595276643A80065D73D /* DBLayer.swift in Sources */,
				11B2169C27639D510063665A /* SceneDelegate.swift in Sources */,
				11B216D627639EFC0063665A /* MainInteractor.swift in Sources */,
			);
			runOnlyForDeploymentPostprocessing = 0;
		};
		11B216A827639D520063665A /* Sources */ = {
			isa = PBXSourcesBuildPhase;
			buildActionMask = 2147483647;
			files = (
				11F41CAA2766A3590005076E /* DatabaseTests.swift in Sources */,
				11F41CA82766A2EE0005076E /* NetworkTest.swift in Sources */,
				11F41CAE2766A6CD0005076E /* UtilitiesTests.swift in Sources */,
				11F41CB02766A8830005076E /* URLsTests.swift in Sources */,
				11F41CAC2766A5D40005076E /* ThumbnailResizerTests.swift in Sources */,
			);
			runOnlyForDeploymentPostprocessing = 0;
		};
/* End PBXSourcesBuildPhase section */

/* Begin PBXTargetDependency section */
		11B216AE27639D520063665A /* PBXTargetDependency */ = {
			isa = PBXTargetDependency;
			target = 11B2169527639D510063665A /* Kiliaro */;
			targetProxy = 11B216AD27639D520063665A /* PBXContainerItemProxy */;
		};
/* End PBXTargetDependency section */

/* Begin PBXVariantGroup section */
		11B216A427639D520063665A /* LaunchScreen.storyboard */ = {
			isa = PBXVariantGroup;
			children = (
				11B216A527639D520063665A /* Base */,
			);
			name = LaunchScreen.storyboard;
			sourceTree = "<group>";
		};
/* End PBXVariantGroup section */

/* Begin XCBuildConfiguration section */
		11B216BE27639D520063665A /* Debug */ = {
			isa = XCBuildConfiguration;
			buildSettings = {
				ALWAYS_SEARCH_USER_PATHS = NO;
				CLANG_ANALYZER_NONNULL = YES;
				CLANG_ANALYZER_NUMBER_OBJECT_CONVERSION = YES_AGGRESSIVE;
				CLANG_CXX_LANGUAGE_STANDARD = "gnu++17";
				CLANG_CXX_LIBRARY = "libc++";
				CLANG_ENABLE_MODULES = YES;
				CLANG_ENABLE_OBJC_ARC = YES;
				CLANG_ENABLE_OBJC_WEAK = YES;
				CLANG_WARN_BLOCK_CAPTURE_AUTORELEASING = YES;
				CLANG_WARN_BOOL_CONVERSION = YES;
				CLANG_WARN_COMMA = YES;
				CLANG_WARN_CONSTANT_CONVERSION = YES;
				CLANG_WARN_DEPRECATED_OBJC_IMPLEMENTATIONS = YES;
				CLANG_WARN_DIRECT_OBJC_ISA_USAGE = YES_ERROR;
				CLANG_WARN_DOCUMENTATION_COMMENTS = YES;
				CLANG_WARN_EMPTY_BODY = YES;
				CLANG_WARN_ENUM_CONVERSION = YES;
				CLANG_WARN_INFINITE_RECURSION = YES;
				CLANG_WARN_INT_CONVERSION = YES;
				CLANG_WARN_NON_LITERAL_NULL_CONVERSION = YES;
				CLANG_WARN_OBJC_IMPLICIT_RETAIN_SELF = YES;
				CLANG_WARN_OBJC_LITERAL_CONVERSION = YES;
				CLANG_WARN_OBJC_ROOT_CLASS = YES_ERROR;
				CLANG_WARN_QUOTED_INCLUDE_IN_FRAMEWORK_HEADER = YES;
				CLANG_WARN_RANGE_LOOP_ANALYSIS = YES;
				CLANG_WARN_STRICT_PROTOTYPES = YES;
				CLANG_WARN_SUSPICIOUS_MOVE = YES;
				CLANG_WARN_UNGUARDED_AVAILABILITY = YES_AGGRESSIVE;
				CLANG_WARN_UNREACHABLE_CODE = YES;
				CLANG_WARN__DUPLICATE_METHOD_MATCH = YES;
				COPY_PHASE_STRIP = NO;
				DEBUG_INFORMATION_FORMAT = dwarf;
				ENABLE_STRICT_OBJC_MSGSEND = YES;
				ENABLE_TESTABILITY = YES;
				GCC_C_LANGUAGE_STANDARD = gnu11;
				GCC_DYNAMIC_NO_PIC = NO;
				GCC_NO_COMMON_BLOCKS = YES;
				GCC_OPTIMIZATION_LEVEL = 0;
				GCC_PREPROCESSOR_DEFINITIONS = (
					"DEBUG=1",
					"$(inherited)",
				);
				GCC_WARN_64_TO_32_BIT_CONVERSION = YES;
				GCC_WARN_ABOUT_RETURN_TYPE = YES_ERROR;
				GCC_WARN_UNDECLARED_SELECTOR = YES;
				GCC_WARN_UNINITIALIZED_AUTOS = YES_AGGRESSIVE;
				GCC_WARN_UNUSED_FUNCTION = YES;
				GCC_WARN_UNUSED_VARIABLE = YES;
				IPHONEOS_DEPLOYMENT_TARGET = 13.0;
				MTL_ENABLE_DEBUG_INFO = INCLUDE_SOURCE;
				MTL_FAST_MATH = YES;
				ONLY_ACTIVE_ARCH = YES;
				SDKROOT = iphoneos;
				SWIFT_ACTIVE_COMPILATION_CONDITIONS = DEBUG;
				SWIFT_OPTIMIZATION_LEVEL = "-Onone";
			};
			name = Debug;
		};
		11B216BF27639D520063665A /* Release */ = {
			isa = XCBuildConfiguration;
			buildSettings = {
				ALWAYS_SEARCH_USER_PATHS = NO;
				CLANG_ANALYZER_NONNULL = YES;
				CLANG_ANALYZER_NUMBER_OBJECT_CONVERSION = YES_AGGRESSIVE;
				CLANG_CXX_LANGUAGE_STANDARD = "gnu++17";
				CLANG_CXX_LIBRARY = "libc++";
				CLANG_ENABLE_MODULES = YES;
				CLANG_ENABLE_OBJC_ARC = YES;
				CLANG_ENABLE_OBJC_WEAK = YES;
				CLANG_WARN_BLOCK_CAPTURE_AUTORELEASING = YES;
				CLANG_WARN_BOOL_CONVERSION = YES;
				CLANG_WARN_COMMA = YES;
				CLANG_WARN_CONSTANT_CONVERSION = YES;
				CLANG_WARN_DEPRECATED_OBJC_IMPLEMENTATIONS = YES;
				CLANG_WARN_DIRECT_OBJC_ISA_USAGE = YES_ERROR;
				CLANG_WARN_DOCUMENTATION_COMMENTS = YES;
				CLANG_WARN_EMPTY_BODY = YES;
				CLANG_WARN_ENUM_CONVERSION = YES;
				CLANG_WARN_INFINITE_RECURSION = YES;
				CLANG_WARN_INT_CONVERSION = YES;
				CLANG_WARN_NON_LITERAL_NULL_CONVERSION = YES;
				CLANG_WARN_OBJC_IMPLICIT_RETAIN_SELF = YES;
				CLANG_WARN_OBJC_LITERAL_CONVERSION = YES;
				CLANG_WARN_OBJC_ROOT_CLASS = YES_ERROR;
				CLANG_WARN_QUOTED_INCLUDE_IN_FRAMEWORK_HEADER = YES;
				CLANG_WARN_RANGE_LOOP_ANALYSIS = YES;
				CLANG_WARN_STRICT_PROTOTYPES = YES;
				CLANG_WARN_SUSPICIOUS_MOVE = YES;
				CLANG_WARN_UNGUARDED_AVAILABILITY = YES_AGGRESSIVE;
				CLANG_WARN_UNREACHABLE_CODE = YES;
				CLANG_WARN__DUPLICATE_METHOD_MATCH = YES;
				COPY_PHASE_STRIP = NO;
				DEBUG_INFORMATION_FORMAT = "dwarf-with-dsym";
				ENABLE_NS_ASSERTIONS = NO;
				ENABLE_STRICT_OBJC_MSGSEND = YES;
				GCC_C_LANGUAGE_STANDARD = gnu11;
				GCC_NO_COMMON_BLOCKS = YES;
				GCC_WARN_64_TO_32_BIT_CONVERSION = YES;
				GCC_WARN_ABOUT_RETURN_TYPE = YES_ERROR;
				GCC_WARN_UNDECLARED_SELECTOR = YES;
				GCC_WARN_UNINITIALIZED_AUTOS = YES_AGGRESSIVE;
				GCC_WARN_UNUSED_FUNCTION = YES;
				GCC_WARN_UNUSED_VARIABLE = YES;
				IPHONEOS_DEPLOYMENT_TARGET = 13.0;
				MTL_ENABLE_DEBUG_INFO = NO;
				MTL_FAST_MATH = YES;
				SDKROOT = iphoneos;
				SWIFT_COMPILATION_MODE = wholemodule;
				SWIFT_OPTIMIZATION_LEVEL = "-O";
				VALIDATE_PRODUCT = YES;
			};
			name = Release;
		};
		11B216C127639D520063665A /* Debug */ = {
			isa = XCBuildConfiguration;
			baseConfigurationReference = 5276801521F3DD872C801179 /* Pods-Kiliaro.debug.xcconfig */;
			buildSettings = {
				ASSETCATALOG_COMPILER_APPICON_NAME = AppIcon;
				ASSETCATALOG_COMPILER_GLOBAL_ACCENT_COLOR_NAME = AccentColor;
				CODE_SIGN_STYLE = Automatic;
				CURRENT_PROJECT_VERSION = 1;
				DEVELOPMENT_TEAM = VBZNB44J42;
				GENERATE_INFOPLIST_FILE = YES;
				INFOPLIST_FILE = Kiliaro/Info.plist;
				INFOPLIST_KEY_UIApplicationSupportsIndirectInputEvents = YES;
				INFOPLIST_KEY_UILaunchStoryboardName = LaunchScreen;
				INFOPLIST_KEY_UIMainStoryboardFile = Main;
				INFOPLIST_KEY_UISupportedInterfaceOrientations_iPad = "UIInterfaceOrientationPortrait UIInterfaceOrientationPortraitUpsideDown UIInterfaceOrientationLandscapeLeft UIInterfaceOrientationLandscapeRight";
				INFOPLIST_KEY_UISupportedInterfaceOrientations_iPhone = "UIInterfaceOrientationPortrait UIInterfaceOrientationLandscapeLeft UIInterfaceOrientationLandscapeRight";
				LD_RUNPATH_SEARCH_PATHS = (
					"$(inherited)",
					"@executable_path/Frameworks",
				);
				MARKETING_VERSION = 1.0;
				PRODUCT_BUNDLE_IDENTIFIER = com.miladheidari.test1.Kiliaro;
				PRODUCT_NAME = "$(TARGET_NAME)";
				SWIFT_EMIT_LOC_STRINGS = YES;
				SWIFT_VERSION = 5.0;
				TARGETED_DEVICE_FAMILY = "1,2";
			};
			name = Debug;
		};
		11B216C227639D520063665A /* Release */ = {
			isa = XCBuildConfiguration;
			baseConfigurationReference = 737E9B5CE150D130C855F235 /* Pods-Kiliaro.release.xcconfig */;
			buildSettings = {
				ASSETCATALOG_COMPILER_APPICON_NAME = AppIcon;
				ASSETCATALOG_COMPILER_GLOBAL_ACCENT_COLOR_NAME = AccentColor;
				CODE_SIGN_STYLE = Automatic;
				CURRENT_PROJECT_VERSION = 1;
				DEVELOPMENT_TEAM = VBZNB44J42;
				GENERATE_INFOPLIST_FILE = YES;
				INFOPLIST_FILE = Kiliaro/Info.plist;
				INFOPLIST_KEY_UIApplicationSupportsIndirectInputEvents = YES;
				INFOPLIST_KEY_UILaunchStoryboardName = LaunchScreen;
				INFOPLIST_KEY_UIMainStoryboardFile = Main;
				INFOPLIST_KEY_UISupportedInterfaceOrientations_iPad = "UIInterfaceOrientationPortrait UIInterfaceOrientationPortraitUpsideDown UIInterfaceOrientationLandscapeLeft UIInterfaceOrientationLandscapeRight";
				INFOPLIST_KEY_UISupportedInterfaceOrientations_iPhone = "UIInterfaceOrientationPortrait UIInterfaceOrientationLandscapeLeft UIInterfaceOrientationLandscapeRight";
				LD_RUNPATH_SEARCH_PATHS = (
					"$(inherited)",
					"@executable_path/Frameworks",
				);
				MARKETING_VERSION = 1.0;
				PRODUCT_BUNDLE_IDENTIFIER = com.miladheidari.test1.Kiliaro;
				PRODUCT_NAME = "$(TARGET_NAME)";
				SWIFT_EMIT_LOC_STRINGS = YES;
				SWIFT_VERSION = 5.0;
				TARGETED_DEVICE_FAMILY = "1,2";
			};
			name = Release;
		};
		11B216C427639D520063665A /* Debug */ = {
			isa = XCBuildConfiguration;
			buildSettings = {
				ALWAYS_EMBED_SWIFT_STANDARD_LIBRARIES = YES;
				BUNDLE_LOADER = "$(TEST_HOST)";
				CODE_SIGN_STYLE = Automatic;
				CURRENT_PROJECT_VERSION = 1;
				GENERATE_INFOPLIST_FILE = YES;
				IPHONEOS_DEPLOYMENT_TARGET = 13.0;
				LD_RUNPATH_SEARCH_PATHS = (
					"$(inherited)",
					"@executable_path/Frameworks",
					"@loader_path/Frameworks",
				);
				MARKETING_VERSION = 1.0;
				PRODUCT_BUNDLE_IDENTIFIER = com.miladheidari.test1.KiliaroTests;
				PRODUCT_NAME = "$(TARGET_NAME)";
				SWIFT_EMIT_LOC_STRINGS = NO;
				SWIFT_VERSION = 5.0;
				TARGETED_DEVICE_FAMILY = "1,2";
				TEST_HOST = "$(BUILT_PRODUCTS_DIR)/Kiliaro.app/Kiliaro";
			};
			name = Debug;
		};
		11B216C527639D520063665A /* Release */ = {
			isa = XCBuildConfiguration;
			buildSettings = {
				ALWAYS_EMBED_SWIFT_STANDARD_LIBRARIES = YES;
				BUNDLE_LOADER = "$(TEST_HOST)";
				CODE_SIGN_STYLE = Automatic;
				CURRENT_PROJECT_VERSION = 1;
				GENERATE_INFOPLIST_FILE = YES;
				IPHONEOS_DEPLOYMENT_TARGET = 13.0;
				LD_RUNPATH_SEARCH_PATHS = (
					"$(inherited)",
					"@executable_path/Frameworks",
					"@loader_path/Frameworks",
				);
				MARKETING_VERSION = 1.0;
				PRODUCT_BUNDLE_IDENTIFIER = com.miladheidari.test1.KiliaroTests;
				PRODUCT_NAME = "$(TARGET_NAME)";
				SWIFT_EMIT_LOC_STRINGS = NO;
				SWIFT_VERSION = 5.0;
				TARGETED_DEVICE_FAMILY = "1,2";
				TEST_HOST = "$(BUILT_PRODUCTS_DIR)/Kiliaro.app/Kiliaro";
			};
			name = Release;
		};
/* End XCBuildConfiguration section */

/* Begin XCConfigurationList section */
		11B2169127639D510063665A /* Build configuration list for PBXProject "Kiliaro" */ = {
			isa = XCConfigurationList;
			buildConfigurations = (
				11B216BE27639D520063665A /* Debug */,
				11B216BF27639D520063665A /* Release */,
			);
			defaultConfigurationIsVisible = 0;
			defaultConfigurationName = Release;
		};
		11B216C027639D520063665A /* Build configuration list for PBXNativeTarget "Kiliaro" */ = {
			isa = XCConfigurationList;
			buildConfigurations = (
				11B216C127639D520063665A /* Debug */,
				11B216C227639D520063665A /* Release */,
			);
			defaultConfigurationIsVisible = 0;
			defaultConfigurationName = Release;
		};
		11B216C327639D520063665A /* Build configuration list for PBXNativeTarget "KiliaroTests" */ = {
			isa = XCConfigurationList;
			buildConfigurations = (
				11B216C427639D520063665A /* Debug */,
				11B216C527639D520063665A /* Release */,
			);
			defaultConfigurationIsVisible = 0;
			defaultConfigurationName = Release;
		};
/* End XCConfigurationList section */
	};
	rootObject = 11B2168E27639D510063665A /* Project object */;
}
